version = 1
revision = 1

[[package]]
name = "shop-scheduler-env"
version = "1.0.0"
source = { virtual = "." }
dependencies = [
    { name = "fastapi" },
    { name = "gradio" },
    { name = "huggingface-hub" },
    { name = "openai" },
    { name = "openenv-core" },
    { name = "pydantic" },
    { name = "typing-extensions" },
    { name = "uvicorn" },
]

[package.metadata]
requires-python = ">=3.10"

[[package]]
name = "fastapi"
version = "0.110.0"

[[package]]
name = "gradio"
version = "5.7.1"

[[package]]
name = "huggingface-hub"
version = "1.0.0"

[[package]]
name = "openai"
version = "1.12.0"

[[package]]
name = "openenv-core"
version = "0.2.0"

[[package]]
name = "pydantic"
version = "2.6.1"

[[package]]
name = "typing-extensions"
version = "4.9.0"

[[package]]
name = "uvicorn"
version = "0.27.1"
